
Microsoft Visual Studio Solution File, Format Version 12.00
# Visual Studio Version 17
VisualStudioVersion = 17.7.34031.279
MinimumVisualStudioVersion = 10.0.40219.1
Project("{FAE04EC0-301F-11D3-BF4B-00C04F79EFBC}") = "Simple_Calculator", "Simple_Calculator\Simple_Calculator.csproj", "{FB048FB5-4B7E-4451-9A40-4E252E4E14A6}"
EndProject
Global
	GlobalSection(SolutionConfigurationPlatforms) = preSolution
		Debug|Any CPU = Debug|Any CPU
		Release|Any CPU = Release|Any CPU
	EndGlobalSection
	GlobalSection(ProjectConfigurationPlatforms) = postSolution
		{FB048FB5-4B7E-4451-9A40-4E252E4E14A6}.Debug|Any CPU.ActiveCfg = Debug|Any CPU
		{FB048FB5-4B7E-4451-9A40-4E252E4E14A6}.Debug|Any CPU.Build.0 = Debug|Any CPU
		{FB048FB5-4B7E-4451-9A40-4E252E4E14A6}.Release|Any CPU.ActiveCfg = Release|Any CPU
		{FB048FB5-4B7E-4451-9A40-4E252E4E14A6}.Release|Any CPU.Build.0 = Release|Any CPU
	EndGlobalSection
	GlobalSection(SolutionProperties) = preSolution
		HideSolutionNode = FALSE
	EndGlobalSection
	GlobalSection(ExtensibilityGlobals) = postSolution
		SolutionGuid = {5927269F-BDBA-4227-8039-F5CCDE292DC6}
	EndGlobalSection
EndGlobal
